
Microsoft Visual Studio Solution File, Format Version 12.00
# Visual Studio Version 17
VisualStudioVersion = 17.11.35303.130
MinimumVisualStudioVersion = 10.0.40219.1
Project("{FAE04EC0-301F-11D3-BF4B-00C04F79EFBC}") = "TD3", "TD3\TD3.csproj", "{F26729C6-03A2-4624-90A7-D2F338273881}"
EndProject
Global
	GlobalSection(SolutionConfigurationPlatforms) = preSolution
		Debug|Any CPU = Debug|Any CPU
		Release|Any CPU = Release|Any CPU
	EndGlobalSection
	GlobalSection(ProjectConfigurationPlatforms) = postSolution
		{F26729C6-03A2-4624-90A7-D2F338273881}.Debug|Any CPU.ActiveCfg = Debug|Any CPU
		{F26729C6-03A2-4624-90A7-D2F338273881}.Debug|Any CPU.Build.0 = Debug|Any CPU
		{F26729C6-03A2-4624-90A7-D2F338273881}.Release|Any CPU.ActiveCfg = Release|Any CPU
		{F26729C6-03A2-4624-90A7-D2F338273881}.Release|Any CPU.Build.0 = Release|Any CPU
	EndGlobalSection
	GlobalSection(SolutionProperties) = preSolution
		HideSolutionNode = FALSE
	EndGlobalSection
	GlobalSection(ExtensibilityGlobals) = postSolution
		SolutionGuid = {4BF9BDEB-636A-41A7-912C-340D031E23AB}
	EndGlobalSection
EndGlobal
